
Microsoft Visual Studio Solution File, Format Version 12.00
# Visual Studio Version 17
VisualStudioVersion = 17.0.31903.59
MinimumVisualStudioVersion = 10.0.40219.1
Project("{FAE04EC0-301F-11D3-BF4B-00C04F79EFBC}") = "Results", "Results\Results.csproj", "{BB92E16F-4B97-450C-A08B-89B776FF6939}"
EndProject
Project("{FAE04EC0-301F-11D3-BF4B-00C04F79EFBC}") = "ResultTests", "ResultTests\ResultTests.csproj", "{6B7B23F4-98A8-4A53-AFD1-70C49D231DC3}"
EndProject
Project("{FAE04EC0-301F-11D3-BF4B-00C04F79EFBC}") = "Tool", "Tool\Tool.csproj", "{8BFC17FE-4C03-49B0-8BA2-9F4B80E73055}"
EndProject
Global
	GlobalSection(SolutionConfigurationPlatforms) = preSolution
		Debug|Any CPU = Debug|Any CPU
		Release|Any CPU = Release|Any CPU
	EndGlobalSection
	GlobalSection(SolutionProperties) = preSolution
		HideSolutionNode = FALSE
	EndGlobalSection
	GlobalSection(ProjectConfigurationPlatforms) = postSolution
		{BB92E16F-4B97-450C-A08B-89B776FF6939}.Debug|Any CPU.ActiveCfg = Debug|Any CPU
		{BB92E16F-4B97-450C-A08B-89B776FF6939}.Debug|Any CPU.Build.0 = Debug|Any CPU
		{BB92E16F-4B97-450C-A08B-89B776FF6939}.Release|Any CPU.ActiveCfg = Release|Any CPU
		{BB92E16F-4B97-450C-A08B-89B776FF6939}.Release|Any CPU.Build.0 = Release|Any CPU
		{6B7B23F4-98A8-4A53-AFD1-70C49D231DC3}.Debug|Any CPU.ActiveCfg = Debug|Any CPU
		{6B7B23F4-98A8-4A53-AFD1-70C49D231DC3}.Debug|Any CPU.Build.0 = Debug|Any CPU
		{6B7B23F4-98A8-4A53-AFD1-70C49D231DC3}.Release|Any CPU.ActiveCfg = Release|Any CPU
		{6B7B23F4-98A8-4A53-AFD1-70C49D231DC3}.Release|Any CPU.Build.0 = Release|Any CPU
		{8BFC17FE-4C03-49B0-8BA2-9F4B80E73055}.Debug|Any CPU.ActiveCfg = Debug|Any CPU
		{8BFC17FE-4C03-49B0-8BA2-9F4B80E73055}.Debug|Any CPU.Build.0 = Debug|Any CPU
		{8BFC17FE-4C03-49B0-8BA2-9F4B80E73055}.Release|Any CPU.ActiveCfg = Release|Any CPU
		{8BFC17FE-4C03-49B0-8BA2-9F4B80E73055}.Release|Any CPU.Build.0 = Release|Any CPU
	EndGlobalSection
EndGlobal
